
Microsoft Visual Studio Solution File, Format Version 12.00
# Visual Studio Version 16
VisualStudioVersion = 16.0.29123.88
MinimumVisualStudioVersion = 10.0.40219.1
Project("{FAE04EC0-301F-11D3-BF4B-00C04F79EFBC}") = "EcommerceEcoville", "EcommerceEcoville\EcommerceEcoville.csproj", "{741AA365-6B39-4490-8352-6FCECBC1D189}"
EndProject
Global
	GlobalSection(SolutionConfigurationPlatforms) = preSolution
		Debug|Any CPU = Debug|Any CPU
		Release|Any CPU = Release|Any CPU
	EndGlobalSection
	GlobalSection(ProjectConfigurationPlatforms) = postSolution
		{741AA365-6B39-4490-8352-6FCECBC1D189}.Debug|Any CPU.ActiveCfg = Debug|Any CPU
		{741AA365-6B39-4490-8352-6FCECBC1D189}.Debug|Any CPU.Build.0 = Debug|Any CPU
		{741AA365-6B39-4490-8352-6FCECBC1D189}.Release|Any CPU.ActiveCfg = Release|Any CPU
		{741AA365-6B39-4490-8352-6FCECBC1D189}.Release|Any CPU.Build.0 = Release|Any CPU
	EndGlobalSection
	GlobalSection(SolutionProperties) = preSolution
		HideSolutionNode = FALSE
	EndGlobalSection
	GlobalSection(ExtensibilityGlobals) = postSolution
		SolutionGuid = {BC73AEBF-32B0-4445-96B1-3571A15E36D3}
	EndGlobalSection
EndGlobal
